
Microsoft Visual Studio Solution File, Format Version 12.00
# Visual Studio Version 16
VisualStudioVersion = 16.0.29709.97
MinimumVisualStudioVersion = 10.0.40219.1
Project("{9A19103F-16F7-4668-BE54-9A1E7A4F7556}") = "SimpleMathLib", "SimpleMathLib\SimpleMathLib.csproj", "{B0E2FDB3-CD89-447A-A013-D7C7246FCB08}"
EndProject
Project("{9A19103F-16F7-4668-BE54-9A1E7A4F7556}") = "UnitTestProject1", "UnitTestProject1\UnitTestProject1.csproj", "{10E3AED4-EB2B-49BE-A251-A04D14668F37}"
EndProject
Project("{9A19103F-16F7-4668-BE54-9A1E7A4F7556}") = "XUnitTestProject1", "XUnitTestProject1\XUnitTestProject1.csproj", "{A8B6CB98-60BC-4AB1-9286-709EE96DE4AD}"
EndProject
Project("{2150E333-8FDC-42A3-9474-1A3956D46DE8}") = "Solution Items", "Solution Items", "{A132F27F-2C9F-46A6-A6E6-AE0334ACBE70}"
	ProjectSection(SolutionItems) = preProject
		azure-pipelines.yml = azure-pipelines.yml
		CCCommands.txt = CCCommands.txt
		README.md = README.md
	EndProjectSection
EndProject
Global
	GlobalSection(SolutionConfigurationPlatforms) = preSolution
		Debug|Any CPU = Debug|Any CPU
		Release|Any CPU = Release|Any CPU
	EndGlobalSection
	GlobalSection(ProjectConfigurationPlatforms) = postSolution
		{B0E2FDB3-CD89-447A-A013-D7C7246FCB08}.Debug|Any CPU.ActiveCfg = Debug|Any CPU
		{B0E2FDB3-CD89-447A-A013-D7C7246FCB08}.Debug|Any CPU.Build.0 = Debug|Any CPU
		{B0E2FDB3-CD89-447A-A013-D7C7246FCB08}.Release|Any CPU.ActiveCfg = Release|Any CPU
		{B0E2FDB3-CD89-447A-A013-D7C7246FCB08}.Release|Any CPU.Build.0 = Release|Any CPU
		{10E3AED4-EB2B-49BE-A251-A04D14668F37}.Debug|Any CPU.ActiveCfg = Debug|Any CPU
		{10E3AED4-EB2B-49BE-A251-A04D14668F37}.Debug|Any CPU.Build.0 = Debug|Any CPU
		{10E3AED4-EB2B-49BE-A251-A04D14668F37}.Release|Any CPU.ActiveCfg = Release|Any CPU
		{10E3AED4-EB2B-49BE-A251-A04D14668F37}.Release|Any CPU.Build.0 = Release|Any CPU
		{A8B6CB98-60BC-4AB1-9286-709EE96DE4AD}.Debug|Any CPU.ActiveCfg = Debug|Any CPU
		{A8B6CB98-60BC-4AB1-9286-709EE96DE4AD}.Debug|Any CPU.Build.0 = Debug|Any CPU
		{A8B6CB98-60BC-4AB1-9286-709EE96DE4AD}.Release|Any CPU.ActiveCfg = Release|Any CPU
		{A8B6CB98-60BC-4AB1-9286-709EE96DE4AD}.Release|Any CPU.Build.0 = Release|Any CPU
	EndGlobalSection
	GlobalSection(SolutionProperties) = preSolution
		HideSolutionNode = FALSE
	EndGlobalSection
	GlobalSection(ExtensibilityGlobals) = postSolution
		SolutionGuid = {55BBD994-2070-4CFB-8E7A-BE84EDEA71BA}
	EndGlobalSection
EndGlobal
